
Microsoft Visual Studio Solution File, Format Version 12.00
# Visual Studio 15
VisualStudioVersion = 15.0.28307.421
MinimumVisualStudioVersion = 10.0.40219.1
Project("{FAE04EC0-301F-11D3-BF4B-00C04F79EFBC}") = "countingsort", "countingsort\countingsort.csproj", "{7B35C26D-E714-4584-B627-643444E1B901}"
EndProject
Global
	GlobalSection(SolutionConfigurationPlatforms) = preSolution
		Debug|Any CPU = Debug|Any CPU
		Release|Any CPU = Release|Any CPU
	EndGlobalSection
	GlobalSection(ProjectConfigurationPlatforms) = postSolution
		{7B35C26D-E714-4584-B627-643444E1B901}.Debug|Any CPU.ActiveCfg = Debug|Any CPU
		{7B35C26D-E714-4584-B627-643444E1B901}.Debug|Any CPU.Build.0 = Debug|Any CPU
		{7B35C26D-E714-4584-B627-643444E1B901}.Release|Any CPU.ActiveCfg = Release|Any CPU
		{7B35C26D-E714-4584-B627-643444E1B901}.Release|Any CPU.Build.0 = Release|Any CPU
	EndGlobalSection
	GlobalSection(SolutionProperties) = preSolution
		HideSolutionNode = FALSE
	EndGlobalSection
	GlobalSection(ExtensibilityGlobals) = postSolution
		SolutionGuid = {CFEC63C4-6CDC-40E8-A999-54D13C86894A}
	EndGlobalSection
EndGlobal
